// !$*UTF8*$!
{
	archiveVersion = 1;
	classes = {
	};
	objectVersion = 46;
	objects = {

/* Begin PBXBuildFile section */
		CE26BF7A16FA16B000364B09 /* UIKit.framework in Frameworks */ = {isa = PBXBuildFile; fileRef = CE26BF7916FA16B000364B09 /* UIKit.framework */; };
		CE26BF7C16FA16B000364B09 /* Foundation.framework in Frameworks */ = {isa = PBXBuildFile; fileRef = CE26BF7B16FA16B000364B09 /* Foundation.framework */; };
		CE26BF7E16FA16B000364B09 /* CoreGraphics.framework in Frameworks */ = {isa = PBXBuildFile; fileRef = CE26BF7D16FA16B000364B09 /* CoreGraphics.framework */; };
		CE26BF8416FA16B000364B09 /* InfoPlist.strings in Resources */ = {isa = PBXBuildFile; fileRef = CE26BF8216FA16B000364B09 /* InfoPlist.strings */; };
		CE26BF8716FA16B000364B09 /* main.m in Sources */ = {isa = PBXBuildFile; fileRef = CE26BF8616FA16B000364B09 /* main.m */; };
		CE26BF8A16FA16B100364B09 /* Alex_StarterAppDelegate.m in Sources */ = {isa = PBXBuildFile; fileRef = CE26BF8916FA16B100364B09 /* Alex_StarterAppDelegate.m */; };
		CE26BF8D16FA16B100364B09 /* MainWindow.xib in Resources */ = {isa = PBXBuildFile; fileRef = CE26BF8B16FA16B100364B09 /* MainWindow.xib */; };
		CE26BF9016FA16B100364B09 /* Alex_StarterViewController.m in Sources */ = {isa = PBXBuildFile; fileRef = CE26BF8F16FA16B100364B09 /* Alex_StarterViewController.m */; };
		CE26BF9316FA16B100364B09 /* Alex_StarterViewController.xib in Resources */ = {isa = PBXBuildFile; fileRef = CE26BF9116FA16B100364B09 /* Alex_StarterViewController.xib */; };
		CE26BF9A16FA16B100364B09 /* UIKit.framework in Frameworks */ = {isa = PBXBuildFile; fileRef = CE26BF7916FA16B000364B09 /* UIKit.framework */; };
		CE26BF9B16FA16B100364B09 /* Foundation.framework in Frameworks */ = {isa = PBXBuildFile; fileRef = CE26BF7B16FA16B000364B09 /* Foundation.framework */; };
		CE26BF9C16FA16B100364B09 /* CoreGraphics.framework in Frameworks */ = {isa = PBXBuildFile; fileRef = CE26BF7D16FA16B000364B09 /* CoreGraphics.framework */; };
		CE26BFA416FA16B100364B09 /* InfoPlist.strings in Resources */ = {isa = PBXBuildFile; fileRef = CE26BFA216FA16B100364B09 /* InfoPlist.strings */; };
		CE26BFA716FA16B100364B09 /* Alex_StarterTests.h in Resources */ = {isa = PBXBuildFile; fileRef = CE26BFA616FA16B100364B09 /* Alex_StarterTests.h */; };
		CE26BFA916FA16B100364B09 /* Alex_StarterTests.m in Sources */ = {isa = PBXBuildFile; fileRef = CE26BFA816FA16B100364B09 /* Alex_StarterTests.m */; };
/* End PBXBuildFile section */

/* Begin PBXContainerItemProxy section */
		CE26BF9D16FA16B100364B09 /* PBXContainerItemProxy */ = {
			isa = PBXContainerItemProxy;
			containerPortal = CE26BF6C16FA16B000364B09 /* Project object */;
			proxyType = 1;
			remoteGlobalIDString = CE26BF7416FA16B000364B09;
			remoteInfo = Alex_Starter;
		};
/* End PBXContainerItemProxy section */

/* Begin PBXFileReference section */
		CE26BF7516FA16B000364B09 /* Alex_Starter.app */ = {isa = PBXFileReference; explicitFileType = wrapper.application; includeInIndex = 0; path = Alex_Starter.app; sourceTree = BUILT_PRODUCTS_DIR; };
		CE26BF7916FA16B000364B09 /* UIKit.framework */ = {isa = PBXFileReference; lastKnownFileType = wrapper.framework; name = UIKit.framework; path = System/Library/Frameworks/UIKit.framework; sourceTree = SDKROOT; };
		CE26BF7B16FA16B000364B09 /* Foundation.framework */ = {isa = PBXFileReference; lastKnownFileType = wrapper.framework; name = Foundation.framework; path = System/Library/Frameworks/Foundation.framework; sourceTree = SDKROOT; };
		CE26BF7D16FA16B000364B09 /* CoreGraphics.framework */ = {isa = PBXFileReference; lastKnownFileType = wrapper.framework; name = CoreGraphics.framework; path = System/Library/Frameworks/CoreGraphics.framework; sourceTree = SDKROOT; };
		CE26BF8116FA16B000364B09 /* Alex_Starter-Info.plist */ = {isa = PBXFileReference; lastKnownFileType = text.plist.xml; path = "Alex_Starter-Info.plist"; sourceTree = "<group>"; };
		CE26BF8316FA16B000364B09 /* en */ = {isa = PBXFileReference; lastKnownFileType = text.plist.strings; name = en; path = en.lproj/InfoPlist.strings; sourceTree = "<group>"; };
		CE26BF8516FA16B000364B09 /* Alex_Starter-Prefix.pch */ = {isa = PBXFileReference; lastKnownFileType = sourcecode.c.h; path = "Alex_Starter-Prefix.pch"; sourceTree = "<group>"; };
		CE26BF8616FA16B000364B09 /* main.m */ = {isa = PBXFileReference; lastKnownFileType = sourcecode.c.objc; path = main.m; sourceTree = "<group>"; };
		CE26BF8816FA16B000364B09 /* Alex_StarterAppDelegate.h */ = {isa = PBXFileReference; lastKnownFileType = sourcecode.c.h; path = Alex_StarterAppDelegate.h; sourceTree = "<group>"; };
		CE26BF8916FA16B100364B09 /* Alex_StarterAppDelegate.m */ = {isa = PBXFileReference; lastKnownFileType = sourcecode.c.objc; path = Alex_StarterAppDelegate.m; sourceTree = "<group>"; };
		CE26BF8C16FA16B100364B09 /* en */ = {isa = PBXFileReference; lastKnownFileType = file.xib; name = en; path = en.lproj/MainWindow.xib; sourceTree = "<group>"; };
		CE26BF8E16FA16B100364B09 /* Alex_StarterViewController.h */ = {isa = PBXFileReference; lastKnownFileType = sourcecode.c.h; path = Alex_StarterViewController.h; sourceTree = "<group>"; };
		CE26BF8F16FA16B100364B09 /* Alex_StarterViewController.m */ = {isa = PBXFileReference; lastKnownFileType = sourcecode.c.objc; path = Alex_StarterViewController.m; sourceTree = "<group>"; };
		CE26BF9216FA16B100364B09 /* en */ = {isa = PBXFileReference; lastKnownFileType = file.xib; name = en; path = en.lproj/Alex_StarterViewController.xib; sourceTree = "<group>"; };
		CE26BF9916FA16B100364B09 /* Alex_StarterTests.octest */ = {isa = PBXFileReference; explicitFileType = wrapper.cfbundle; includeInIndex = 0; path = Alex_StarterTests.octest; sourceTree = BUILT_PRODUCTS_DIR; };
		CE26BFA116FA16B100364B09 /* Alex_StarterTests-Info.plist */ = {isa = PBXFileReference; lastKnownFileType = text.plist.xml; path = "Alex_StarterTests-Info.plist"; sourceTree = "<group>"; };
		CE26BFA316FA16B100364B09 /* en */ = {isa = PBXFileReference; lastKnownFileType = text.plist.strings; name = en; path = en.lproj/InfoPlist.strings; sourceTree = "<group>"; };
		CE26BFA516FA16B100364B09 /* Alex_StarterTests-Prefix.pch */ = {isa = PBXFileReference; lastKnownFileType = sourcecode.c.h; path = "Alex_StarterTests-Prefix.pch"; sourceTree = "<group>"; };
		CE26BFA616FA16B100364B09 /* Alex_StarterTests.h */ = {isa = PBXFileReference; lastKnownFileType = sourcecode.c.h; path = Alex_StarterTests.h; sourceTree = "<group>"; };
		CE26BFA816FA16B100364B09 /* Alex_StarterTests.m */ = {isa = PBXFileReference; lastKnownFileType = sourcecode.c.objc; path = Alex_StarterTests.m; sourceTree = "<group>"; };
/* End PBXFileReference section */

/* Begin PBXFrameworksBuildPhase section */
		CE26BF7216FA16B000364B09 /* Frameworks */ = {
			isa = PBXFrameworksBuildPhase;
			buildActionMask = 2147483647;
			files = (
				CE26BF7A16FA16B000364B09 /* UIKit.framework in Frameworks */,
				CE26BF7C16FA16B000364B09 /* Foundation.framework in Frameworks */,
				CE26BF7E16FA16B000364B09 /* CoreGraphics.framework in Frameworks */,
			);
			runOnlyForDeploymentPostprocessing = 0;
		};
		CE26BF9516FA16B100364B09 /* Frameworks */ = {
			isa = PBXFrameworksBuildPhase;
			buildActionMask = 2147483647;
			files = (
				CE26BF9A16FA16B100364B09 /* UIKit.framework in Frameworks */,
				CE26BF9B16FA16B100364B09 /* Foundation.framework in Frameworks */,
				CE26BF9C16FA16B100364B09 /* CoreGraphics.framework in Frameworks */,
			);
			runOnlyForDeploymentPostprocessing = 0;
		};
/* End PBXFrameworksBuildPhase section */

/* Begin PBXGroup section */
		CE26BF6A16FA16B000364B09 = {
			isa = PBXGroup;
			children = (
				CE26BF7F16FA16B000364B09 /* Alex_Starter */,
				CE26BF9F16FA16B100364B09 /* Alex_StarterTests */,
				CE26BF7816FA16B000364B09 /* Frameworks */,
				CE26BF7616FA16B000364B09 /* Products */,
			);
			sourceTree = "<group>";
		};
		CE26BF7616FA16B000364B09 /* Products */ = {
			isa = PBXGroup;
			children = (
				CE26BF7516FA16B000364B09 /* Alex_Starter.app */,
				CE26BF9916FA16B100364B09 /* Alex_StarterTests.octest */,
			);
			name = Products;
			sourceTree = "<group>";
		};
		CE26BF7816FA16B000364B09 /* Frameworks */ = {
			isa = PBXGroup;
			children = (
				CE26BF7916FA16B000364B09 /* UIKit.framework */,
				CE26BF7B16FA16B000364B09 /* Foundation.framework */,
				CE26BF7D16FA16B000364B09 /* CoreGraphics.framework */,
			);
			name = Frameworks;
			sourceTree = "<group>";
		};
		CE26BF7F16FA16B000364B09 /* Alex_Starter */ = {
			isa = PBXGroup;
			children = (
				CE26BF8816FA16B000364B09 /* Alex_StarterAppDelegate.h */,
				CE26BF8916FA16B100364B09 /* Alex_StarterAppDelegate.m */,
				CE26BF8B16FA16B100364B09 /* MainWindow.xib */,
				CE26BF8E16FA16B100364B09 /* Alex_StarterViewController.h */,
				CE26BF8F16FA16B100364B09 /* Alex_StarterViewController.m */,
				CE26BF9116FA16B100364B09 /* Alex_StarterViewController.xib */,
				CE26BF8016FA16B000364B09 /* Supporting Files */,
			);
			path = Alex_Starter;
			sourceTree = "<group>";
		};
		CE26BF8016FA16B000364B09 /* Supporting Files */ = {
			isa = PBXGroup;
			children = (
				CE26BF8116FA16B000364B09 /* Alex_Starter-Info.plist */,
				CE26BF8216FA16B000364B09 /* InfoPlist.strings */,
				CE26BF8516FA16B000364B09 /* Alex_Starter-Prefix.pch */,
				CE26BF8616FA16B000364B09 /* main.m */,
			);
			name = "Supporting Files";
			sourceTree = "<group>";
		};
		CE26BF9F16FA16B100364B09 /* Alex_StarterTests */ = {
			isa = PBXGroup;
			children = (
				CE26BFA616FA16B100364B09 /* Alex_StarterTests.h */,
				CE26BFA816FA16B100364B09 /* Alex_StarterTests.m */,
				CE26BFA016FA16B100364B09 /* Supporting Files */,
			);
			path = Alex_StarterTests;
			sourceTree = "<group>";
		};
		CE26BFA016FA16B100364B09 /* Supporting Files */ = {
			isa = PBXGroup;
			children = (
				CE26BFA116FA16B100364B09 /* Alex_StarterTests-Info.plist */,
				CE26BFA216FA16B100364B09 /* InfoPlist.strings */,
				CE26BFA516FA16B100364B09 /* Alex_StarterTests-Prefix.pch */,
			);
			name = "Supporting Files";
			sourceTree = "<group>";
		};
/* End PBXGroup section */

/* Begin PBXNativeTarget section */
		CE26BF7416FA16B000364B09 /* Alex_Starter */ = {
			isa = PBXNativeTarget;
			buildConfigurationList = CE26BFAC16FA16B100364B09 /* Build configuration list for PBXNativeTarget "Alex_Starter" */;
			buildPhases = (
				CE26BF7116FA16B000364B09 /* Sources */,
				CE26BF7216FA16B000364B09 /* Frameworks */,
				CE26BF7316FA16B000364B09 /* Resources */,
			);
			buildRules = (
			);
			dependencies = (
			);
			name = Alex_Starter;
			productName = Alex_Starter;
			productReference = CE26BF7516FA16B000364B09 /* Alex_Starter.app */;
			productType = "com.apple.product-type.application";
		};
		CE26BF9816FA16B100364B09 /* Alex_StarterTests */ = {
			isa = PBXNativeTarget;
			buildConfigurationList = CE26BFAF16FA16B100364B09 /* Build configuration list for PBXNativeTarget "Alex_StarterTests" */;
			buildPhases = (
				CE26BF9416FA16B100364B09 /* Sources */,
				CE26BF9516FA16B100364B09 /* Frameworks */,
				CE26BF9616FA16B100364B09 /* Resources */,
				CE26BF9716FA16B100364B09 /* ShellScript */,
			);
			buildRules = (
			);
			dependencies = (
				CE26BF9E16FA16B100364B09 /* PBXTargetDependency */,
			);
			name = Alex_StarterTests;
			productName = Alex_StarterTests;
			productReference = CE26BF9916FA16B100364B09 /* Alex_StarterTests.octest */;
			productType = "com.apple.product-type.bundle";
		};
/* End PBXNativeTarget section */

/* Begin PBXProject section */
		CE26BF6C16FA16B000364B09 /* Project object */ = {
			isa = PBXProject;
			buildConfigurationList = CE26BF6F16FA16B000364B09 /* Build configuration list for PBXProject "Alex_Starter" */;
			compatibilityVersion = "Xcode 3.2";
			developmentRegion = English;
			hasScannedForEncodings = 0;
			knownRegions = (
				en,
			);
			mainGroup = CE26BF6A16FA16B000364B09;
			productRefGroup = CE26BF7616FA16B000364B09 /* Products */;
			projectDirPath = "";
			projectRoot = "";
			targets = (
				CE26BF7416FA16B000364B09 /* Alex_Starter */,
				CE26BF9816FA16B100364B09 /* Alex_StarterTests */,
			);
		};
/* End PBXProject section */

/* Begin PBXResourcesBuildPhase section */
		CE26BF7316FA16B000364B09 /* Resources */ = {
			isa = PBXResourcesBuildPhase;
			buildActionMask = 2147483647;
			files = (
				CE26BF8416FA16B000364B09 /* InfoPlist.strings in Resources */,
				CE26BF8D16FA16B100364B09 /* MainWindow.xib in Resources */,
				CE26BF9316FA16B100364B09 /* Alex_StarterViewController.xib in Resources */,
			);
			runOnlyForDeploymentPostprocessing = 0;
		};
		CE26BF9616FA16B100364B09 /* Resources */ = {
			isa = PBXResourcesBuildPhase;
			buildActionMask = 2147483647;
			files = (
				CE26BFA416FA16B100364B09 /* InfoPlist.strings in Resources */,
				CE26BFA716FA16B100364B09 /* Alex_StarterTests.h in Resources */,
			);
			runOnlyForDeploymentPostprocessing = 0;
		};
/* End PBXResourcesBuildPhase section */

/* Begin PBXShellScriptBuildPhase section */
		CE26BF9716FA16B100364B09 /* ShellScript */ = {
			isa = PBXShellScriptBuildPhase;
			buildActionMask = 2147483647;
			files = (
			);
			inputPaths = (
			);
			outputPaths = (
			);
			runOnlyForDeploymentPostprocessing = 0;
			shellPath = /bin/sh;
			shellScript = "# Run the unit tests in this test bundle.\n\"${SYSTEM_DEVELOPER_DIR}/Tools/RunUnitTests\"\n";
		};
/* End PBXShellScriptBuildPhase section */

/* Begin PBXSourcesBuildPhase section */
		CE26BF7116FA16B000364B09 /* Sources */ = {
			isa = PBXSourcesBuildPhase;
			buildActionMask = 2147483647;
			files = (
				CE26BF8716FA16B000364B09 /* main.m in Sources */,
				CE26BF8A16FA16B100364B09 /* Alex_StarterAppDelegate.m in Sources */,
				CE26BF9016FA16B100364B09 /* Alex_StarterViewController.m in Sources */,
			);
			runOnlyForDeploymentPostprocessing = 0;
		};
		CE26BF9416FA16B100364B09 /* Sources */ = {
			isa = PBXSourcesBuildPhase;
			buildActionMask = 2147483647;
			files = (
				CE26BFA916FA16B100364B09 /* Alex_StarterTests.m in Sources */,
			);
			runOnlyForDeploymentPostprocessing = 0;
		};
/* End PBXSourcesBuildPhase section */

/* Begin PBXTargetDependency section */
		CE26BF9E16FA16B100364B09 /* PBXTargetDependency */ = {
			isa = PBXTargetDependency;
			target = CE26BF7416FA16B000364B09 /* Alex_Starter */;
			targetProxy = CE26BF9D16FA16B100364B09 /* PBXContainerItemProxy */;
		};
/* End PBXTargetDependency section */

/* Begin PBXVariantGroup section */
		CE26BF8216FA16B000364B09 /* InfoPlist.strings */ = {
			isa = PBXVariantGroup;
			children = (
				CE26BF8316FA16B000364B09 /* en */,
			);
			name = InfoPlist.strings;
			sourceTree = "<group>";
		};
		CE26BF8B16FA16B100364B09 /* MainWindow.xib */ = {
			isa = PBXVariantGroup;
			children = (
				CE26BF8C16FA16B100364B09 /* en */,
			);
			name = MainWindow.xib;
			sourceTree = "<group>";
		};
		CE26BF9116FA16B100364B09 /* Alex_StarterViewController.xib */ = {
			isa = PBXVariantGroup;
			children = (
				CE26BF9216FA16B100364B09 /* en */,
			);
			name = Alex_StarterViewController.xib;
			sourceTree = "<group>";
		};
		CE26BFA216FA16B100364B09 /* InfoPlist.strings */ = {
			isa = PBXVariantGroup;
			children = (
				CE26BFA316FA16B100364B09 /* en */,
			);
			name = InfoPlist.strings;
			sourceTree = "<group>";
		};
/* End PBXVariantGroup section */

/* Begin XCBuildConfiguration section */
		CE26BFAA16FA16B100364B09 /* Debug */ = {
			isa = XCBuildConfiguration;
			buildSettings = {
				ARCHS = "$(ARCHS_UNIVERSAL_IPHONE_OS)";
				"CODE_SIGN_IDENTITY[sdk=iphoneos*]" = "iPhone Developer";
				GCC_C_LANGUAGE_STANDARD = gnu99;
				GCC_OPTIMIZATION_LEVEL = 0;
				GCC_PREPROCESSOR_DEFINITIONS = DEBUG;
				GCC_SYMBOLS_PRIVATE_EXTERN = NO;
				GCC_VERSION = com.apple.compilers.llvmgcc42;
				GCC_WARN_ABOUT_RETURN_TYPE = YES;
				GCC_WARN_UNUSED_VARIABLE = YES;
				IPHONEOS_DEPLOYMENT_TARGET = 4.3;
				SDKROOT = iphoneos;
				TARGETED_DEVICE_FAMILY = 2;
			};
			name = Debug;
		};
		CE26BFAB16FA16B100364B09 /* Release */ = {
			isa = XCBuildConfiguration;
			buildSettings = {
				ARCHS = "$(ARCHS_UNIVERSAL_IPHONE_OS)";
				"CODE_SIGN_IDENTITY[sdk=iphoneos*]" = "iPhone Developer";
				GCC_C_LANGUAGE_STANDARD = gnu99;
				GCC_VERSION = com.apple.compilers.llvmgcc42;
				GCC_WARN_ABOUT_RETURN_TYPE = YES;
				GCC_WARN_UNUSED_VARIABLE = YES;
				IPHONEOS_DEPLOYMENT_TARGET = 4.3;
				OTHER_CFLAGS = "-DNS_BLOCK_ASSERTIONS=1";
				SDKROOT = iphoneos;
				TARGETED_DEVICE_FAMILY = 2;
			};
			name = Release;
		};
		CE26BFAD16FA16B100364B09 /* Debug */ = {
			isa = XCBuildConfiguration;
			buildSettings = {
				ALWAYS_SEARCH_USER_PATHS = NO;
				COPY_PHASE_STRIP = NO;
				GCC_DYNAMIC_NO_PIC = NO;
				GCC_PRECOMPILE_PREFIX_HEADER = YES;
				GCC_PREFIX_HEADER = "Alex_Starter/Alex_Starter-Prefix.pch";
				INFOPLIST_FILE = "Alex_Starter/Alex_Starter-Info.plist";
				IPHONEOS_DEPLOYMENT_TARGET = 4.3;
				PRODUCT_NAME = "$(TARGET_NAME)";
				WRAPPER_EXTENSION = app;
			};
			name = Debug;
		};
		CE26BFAE16FA16B100364B09 /* Release */ = {
			isa = XCBuildConfiguration;
			buildSettings = {
				ALWAYS_SEARCH_USER_PATHS = NO;
				COPY_PHASE_STRIP = YES;
				GCC_PRECOMPILE_PREFIX_HEADER = YES;
				GCC_PREFIX_HEADER = "Alex_Starter/Alex_Starter-Prefix.pch";
				INFOPLIST_FILE = "Alex_Starter/Alex_Starter-Info.plist";
				IPHONEOS_DEPLOYMENT_TARGET = 4.3;
				PRODUCT_NAME = "$(TARGET_NAME)";
				VALIDATE_PRODUCT = YES;
				WRAPPER_EXTENSION = app;
			};
			name = Release;
		};
		CE26BFB016FA16B100364B09 /* Debug */ = {
			isa = XCBuildConfiguration;
			buildSettings = {
				ALWAYS_SEARCH_USER_PATHS = NO;
				ARCHS = "$(ARCHS_STANDARD_32_BIT)";
				BUNDLE_LOADER = "$(BUILT_PRODUCTS_DIR)/Alex_Starter.app/Alex_Starter";
				FRAMEWORK_SEARCH_PATHS = (
					"$(SDKROOT)/Developer/Library/Frameworks",
					"$(DEVELOPER_LIBRARY_DIR)/Frameworks",
				);
				GCC_PRECOMPILE_PREFIX_HEADER = YES;
				GCC_PREFIX_HEADER = "Alex_StarterTests/Alex_StarterTests-Prefix.pch";
				INFOPLIST_FILE = "Alex_StarterTests/Alex_StarterTests-Info.plist";
				OTHER_LDFLAGS = (
					"-framework",
					SenTestingKit,
				);
				PRODUCT_NAME = "$(TARGET_NAME)";
				TEST_HOST = "$(BUNDLE_LOADER)";
				WRAPPER_EXTENSION = octest;
			};
			name = Debug;
		};
		CE26BFB116FA16B100364B09 /* Release */ = {
			isa = XCBuildConfiguration;
			buildSettings = {
				ALWAYS_SEARCH_USER_PATHS = NO;
				ARCHS = "$(ARCHS_STANDARD_32_BIT)";
				BUNDLE_LOADER = "$(BUILT_PRODUCTS_DIR)/Alex_Starter.app/Alex_Starter";
				FRAMEWORK_SEARCH_PATHS = (
					"$(SDKROOT)/Developer/Library/Frameworks",
					"$(DEVELOPER_LIBRARY_DIR)/Frameworks",
				);
				GCC_PRECOMPILE_PREFIX_HEADER = YES;
				GCC_PREFIX_HEADER = "Alex_StarterTests/Alex_StarterTests-Prefix.pch";
				INFOPLIST_FILE = "Alex_StarterTests/Alex_StarterTests-Info.plist";
				OTHER_LDFLAGS = (
					"-framework",
					SenTestingKit,
				);
				PRODUCT_NAME = "$(TARGET_NAME)";
				TEST_HOST = "$(BUNDLE_LOADER)";
				WRAPPER_EXTENSION = octest;
			};
			name = Release;
		};
/* End XCBuildConfiguration section */

/* Begin XCConfigurationList section */
		CE26BF6F16FA16B000364B09 /* Build configuration list for PBXProject "Alex_Starter" */ = {
			isa = XCConfigurationList;
			buildConfigurations = (
				CE26BFAA16FA16B100364B09 /* Debug */,
				CE26BFAB16FA16B100364B09 /* Release */,
			);
			defaultConfigurationIsVisible = 0;
			defaultConfigurationName = Release;
		};
		CE26BFAC16FA16B100364B09 /* Build configuration list for PBXNativeTarget "Alex_Starter" */ = {
			isa = XCConfigurationList;
			buildConfigurations = (
				CE26BFAD16FA16B100364B09 /* Debug */,
				CE26BFAE16FA16B100364B09 /* Release */,
			);
			defaultConfigurationIsVisible = 0;
		};
		CE26BFAF16FA16B100364B09 /* Build configuration list for PBXNativeTarget "Alex_StarterTests" */ = {
			isa = XCConfigurationList;
			buildConfigurations = (
				CE26BFB016FA16B100364B09 /* Debug */,
				CE26BFB116FA16B100364B09 /* Release */,
			);
			defaultConfigurationIsVisible = 0;
		};
/* End XCConfigurationList section */
	};
	rootObject = CE26BF6C16FA16B000364B09 /* Project object */;
}
